// !$*UTF8*$!
{
	archiveVersion = 1;
	classes = {
	};
	objectVersion = 50;
	objects = {

/* Begin PBXBuildFile section */
		1F94CA36238C37F000DF2192 /* AppDelegate.swift in Sources */ = {isa = PBXBuildFile; fileRef = 1F94CA35238C37F000DF2192 /* AppDelegate.swift */; };
		1F94CA38238C37F000DF2192 /* SceneDelegate.swift in Sources */ = {isa = PBXBuildFile; fileRef = 1F94CA37238C37F000DF2192 /* SceneDelegate.swift */; };
		1F94CA3A238C37F000DF2192 /* ViewController.swift in Sources */ = {isa = PBXBuildFile; fileRef = 1F94CA39238C37F000DF2192 /* ViewController.swift */; };
		1F94CA3D238C37F000DF2192 /* Main.storyboard in Resources */ = {isa = PBXBuildFile; fileRef = 1F94CA3B238C37F000DF2192 /* Main.storyboard */; };
		1F94CA3F238C37F300DF2192 /* Assets.xcassets in Resources */ = {isa = PBXBuildFile; fileRef = 1F94CA3E238C37F300DF2192 /* Assets.xcassets */; };
		1F94CA42238C37F300DF2192 /* LaunchScreen.storyboard in Resources */ = {isa = PBXBuildFile; fileRef = 1F94CA40238C37F300DF2192 /* LaunchScreen.storyboard */; };
		1F975A2D2392586F00256335 /* PatientInfoViewController.swift in Sources */ = {isa = PBXBuildFile; fileRef = 1F975A2C2392586F00256335 /* PatientInfoViewController.swift */; };
		1FEAA5B0238ECD0E00A90EBD /* PatientListViewController.swift in Sources */ = {isa = PBXBuildFile; fileRef = 1FEAA5AF238ECD0E00A90EBD /* PatientListViewController.swift */; };
		1FEAA5B42390D59000A90EBD /* TableViewCell.swift in Sources */ = {isa = PBXBuildFile; fileRef = 1FEAA5B32390D59000A90EBD /* TableViewCell.swift */; };
/* End PBXBuildFile section */

/* Begin PBXFileReference section */
		1F94CA32238C37F000DF2192 /* 2MB.app */ = {isa = PBXFileReference; explicitFileType = wrapper.application; includeInIndex = 0; path = 2MB.app; sourceTree = BUILT_PRODUCTS_DIR; };
		1F94CA35238C37F000DF2192 /* AppDelegate.swift */ = {isa = PBXFileReference; lastKnownFileType = sourcecode.swift; path = AppDelegate.swift; sourceTree = "<group>"; };
		1F94CA37238C37F000DF2192 /* SceneDelegate.swift */ = {isa = PBXFileReference; lastKnownFileType = sourcecode.swift; path = SceneDelegate.swift; sourceTree = "<group>"; };
		1F94CA39238C37F000DF2192 /* ViewController.swift */ = {isa = PBXFileReference; lastKnownFileType = sourcecode.swift; path = ViewController.swift; sourceTree = "<group>"; };
		1F94CA3C238C37F000DF2192 /* Base */ = {isa = PBXFileReference; lastKnownFileType = file.storyboard; name = Base; path = Base.lproj/Main.storyboard; sourceTree = "<group>"; };
		1F94CA3E238C37F300DF2192 /* Assets.xcassets */ = {isa = PBXFileReference; lastKnownFileType = folder.assetcatalog; path = Assets.xcassets; sourceTree = "<group>"; };
		1F94CA41238C37F300DF2192 /* Base */ = {isa = PBXFileReference; lastKnownFileType = file.storyboard; name = Base; path = Base.lproj/LaunchScreen.storyboard; sourceTree = "<group>"; };
		1F94CA43238C37F300DF2192 /* Info.plist */ = {isa = PBXFileReference; lastKnownFileType = text.plist.xml; path = Info.plist; sourceTree = "<group>"; };
		1F975A2C2392586F00256335 /* PatientInfoViewController.swift */ = {isa = PBXFileReference; lastKnownFileType = sourcecode.swift; path = PatientInfoViewController.swift; sourceTree = "<group>"; };
		1FEAA5AF238ECD0E00A90EBD /* PatientListViewController.swift */ = {isa = PBXFileReference; lastKnownFileType = sourcecode.swift; path = PatientListViewController.swift; sourceTree = "<group>"; };
		1FEAA5B32390D59000A90EBD /* TableViewCell.swift */ = {isa = PBXFileReference; lastKnownFileType = sourcecode.swift; path = TableViewCell.swift; sourceTree = "<group>"; };
/* End PBXFileReference section */

/* Begin PBXFrameworksBuildPhase section */
		1F94CA2F238C37F000DF2192 /* Frameworks */ = {
			isa = PBXFrameworksBuildPhase;
			buildActionMask = 2147483647;
			files = (
			);
			runOnlyForDeploymentPostprocessing = 0;
		};
/* End PBXFrameworksBuildPhase section */

/* Begin PBXGroup section */
		1F94CA29238C37EF00DF2192 = {
			isa = PBXGroup;
			children = (
				1F94CA34238C37F000DF2192 /* 2MB */,
				1F94CA33238C37F000DF2192 /* Products */,
			);
			sourceTree = "<group>";
		};
		1F94CA33238C37F000DF2192 /* Products */ = {
			isa = PBXGroup;
			children = (
				1F94CA32238C37F000DF2192 /* 2MB.app */,
			);
			name = Products;
			sourceTree = "<group>";
		};
		1F94CA34238C37F000DF2192 /* 2MB */ = {
			isa = PBXGroup;
			children = (
				1F94CA35238C37F000DF2192 /* AppDelegate.swift */,
				1F94CA37238C37F000DF2192 /* SceneDelegate.swift */,
				1F94CA39238C37F000DF2192 /* ViewController.swift */,
				1FEAA5AF238ECD0E00A90EBD /* PatientListViewController.swift */,
				1FEAA5B32390D59000A90EBD /* TableViewCell.swift */,
				1F975A2C2392586F00256335 /* PatientInfoViewController.swift */,
				1F94CA3B238C37F000DF2192 /* Main.storyboard */,
				1F94CA3E238C37F300DF2192 /* Assets.xcassets */,
				1F94CA40238C37F300DF2192 /* LaunchScreen.storyboard */,
				1F94CA43238C37F300DF2192 /* Info.plist */,
			);
			path = 2MB;
			sourceTree = "<group>";
		};
/* End PBXGroup section */

/* Begin PBXNativeTarget section */
		1F94CA31238C37F000DF2192 /* 2MB */ = {
			isa = PBXNativeTarget;
			buildConfigurationList = 1F94CA46238C37F300DF2192 /* Build configuration list for PBXNativeTarget "2MB" */;
			buildPhases = (
				1F94CA2E238C37F000DF2192 /* Sources */,
				1F94CA2F238C37F000DF2192 /* Frameworks */,
				1F94CA30238C37F000DF2192 /* Resources */,
			);
			buildRules = (
			);
			dependencies = (
			);
			name = 2MB;
			productName = 2MB;
			productReference = 1F94CA32238C37F000DF2192 /* 2MB.app */;
			productType = "com.apple.product-type.application";
		};
/* End PBXNativeTarget section */

/* Begin PBXProject section */
		1F94CA2A238C37EF00DF2192 /* Project object */ = {
			isa = PBXProject;
			attributes = {
				LastSwiftUpdateCheck = 1120;
				LastUpgradeCheck = 1120;
				ORGANIZATIONNAME = "조선우";
				TargetAttributes = {
					1F94CA31238C37F000DF2192 = {
						CreatedOnToolsVersion = 11.2.1;
					};
				};
			};
			buildConfigurationList = 1F94CA2D238C37EF00DF2192 /* Build configuration list for PBXProject "2MB" */;
			compatibilityVersion = "Xcode 9.3";
			developmentRegion = en;
			hasScannedForEncodings = 0;
			knownRegions = (
				en,
				Base,
			);
			mainGroup = 1F94CA29238C37EF00DF2192;
			productRefGroup = 1F94CA33238C37F000DF2192 /* Products */;
			projectDirPath = "";
			projectRoot = "";
			targets = (
				1F94CA31238C37F000DF2192 /* 2MB */,
			);
		};
/* End PBXProject section */

/* Begin PBXResourcesBuildPhase section */
		1F94CA30238C37F000DF2192 /* Resources */ = {
			isa = PBXResourcesBuildPhase;
			buildActionMask = 2147483647;
			files = (
				1F94CA42238C37F300DF2192 /* LaunchScreen.storyboard in Resources */,
				1F94CA3F238C37F300DF2192 /* Assets.xcassets in Resources */,
				1F94CA3D238C37F000DF2192 /* Main.storyboard in Resources */,
			);
			runOnlyForDeploymentPostprocessing = 0;
		};
/* End PBXResourcesBuildPhase section */

/* Begin PBXSourcesBuildPhase section */
		1F94CA2E238C37F000DF2192 /* Sources */ = {
			isa = PBXSourcesBuildPhase;
			buildActionMask = 2147483647;
			files = (
				1FEAA5B42390D59000A90EBD /* TableViewCell.swift in Sources */,
				1F94CA3A238C37F000DF2192 /* ViewController.swift in Sources */,
				1F94CA36238C37F000DF2192 /* AppDelegate.swift in Sources */,
				1FEAA5B0238ECD0E00A90EBD /* PatientListViewController.swift in Sources */,
				1F975A2D2392586F00256335 /* PatientInfoViewController.swift in Sources */,
				1F94CA38238C37F000DF2192 /* SceneDelegate.swift in Sources */,
			);
			runOnlyForDeploymentPostprocessing = 0;
		};
/* End PBXSourcesBuildPhase section */

/* Begin PBXVariantGroup section */
		1F94CA3B238C37F000DF2192 /* Main.storyboard */ = {
			isa = PBXVariantGroup;
			children = (
				1F94CA3C238C37F000DF2192 /* Base */,
			);
			name = Main.storyboard;
			sourceTree = "<group>";
		};
		1F94CA40238C37F300DF2192 /* LaunchScreen.storyboard */ = {
			isa = PBXVariantGroup;
			children = (
				1F94CA41238C37F300DF2192 /* Base */,
			);
			name = LaunchScreen.storyboard;
			sourceTree = "<group>";
		};
/* End PBXVariantGroup section */

/* Begin XCBuildConfiguration section */
		1F94CA44238C37F300DF2192 /* Debug */ = {
			isa = XCBuildConfiguration;
			buildSettings = {
				ALWAYS_SEARCH_USER_PATHS = NO;
				CLANG_ANALYZER_NONNULL = YES;
				CLANG_ANALYZER_NUMBER_OBJECT_CONVERSION = YES_AGGRESSIVE;
				CLANG_CXX_LANGUAGE_STANDARD = "gnu++14";
				CLANG_CXX_LIBRARY = "libc++";
				CLANG_ENABLE_MODULES = YES;
				CLANG_ENABLE_OBJC_ARC = YES;
				CLANG_ENABLE_OBJC_WEAK = YES;
				CLANG_WARN_BLOCK_CAPTURE_AUTORELEASING = YES;
				CLANG_WARN_BOOL_CONVERSION = YES;
				CLANG_WARN_COMMA = YES;
				CLANG_WARN_CONSTANT_CONVERSION = YES;
				CLANG_WARN_DEPRECATED_OBJC_IMPLEMENTATIONS = YES;
				CLANG_WARN_DIRECT_OBJC_ISA_USAGE = YES_ERROR;
				CLANG_WARN_DOCUMENTATION_COMMENTS = YES;
				CLANG_WARN_EMPTY_BODY = YES;
				CLANG_WARN_ENUM_CONVERSION = YES;
				CLANG_WARN_INFINITE_RECURSION = YES;
				CLANG_WARN_INT_CONVERSION = YES;
				CLANG_WARN_NON_LITERAL_NULL_CONVERSION = YES;
				CLANG_WARN_OBJC_IMPLICIT_RETAIN_SELF = YES;
				CLANG_WARN_OBJC_LITERAL_CONVERSION = YES;
				CLANG_WARN_OBJC_ROOT_CLASS = YES_ERROR;
				CLANG_WARN_RANGE_LOOP_ANALYSIS = YES;
				CLANG_WARN_STRICT_PROTOTYPES = YES;
				CLANG_WARN_SUSPICIOUS_MOVE = YES;
				CLANG_WARN_UNGUARDED_AVAILABILITY = YES_AGGRESSIVE;
				CLANG_WARN_UNREACHABLE_CODE = YES;
				CLANG_WARN__DUPLICATE_METHOD_MATCH = YES;
				COPY_PHASE_STRIP = NO;
				DEBUG_INFORMATION_FORMAT = dwarf;
				ENABLE_STRICT_OBJC_MSGSEND = YES;
				ENABLE_TESTABILITY = YES;
				GCC_C_LANGUAGE_STANDARD = gnu11;
				GCC_DYNAMIC_NO_PIC = NO;
				GCC_NO_COMMON_BLOCKS = YES;
				GCC_OPTIMIZATION_LEVEL = 0;
				GCC_PREPROCESSOR_DEFINITIONS = (
					"DEBUG=1",
					"$(inherited)",
				);
				GCC_WARN_64_TO_32_BIT_CONVERSION = YES;
				GCC_WARN_ABOUT_RETURN_TYPE = YES_ERROR;
				GCC_WARN_UNDECLARED_SELECTOR = YES;
				GCC_WARN_UNINITIALIZED_AUTOS = YES_AGGRESSIVE;
				GCC_WARN_UNUSED_FUNCTION = YES;
				GCC_WARN_UNUSED_VARIABLE = YES;
				IPHONEOS_DEPLOYMENT_TARGET = 13.2;
				MTL_ENABLE_DEBUG_INFO = INCLUDE_SOURCE;
				MTL_FAST_MATH = YES;
				ONLY_ACTIVE_ARCH = YES;
				SDKROOT = iphoneos;
				SWIFT_ACTIVE_COMPILATION_CONDITIONS = DEBUG;
				SWIFT_OPTIMIZATION_LEVEL = "-Onone";
			};
			name = Debug;
		};
		1F94CA45238C37F300DF2192 /* Release */ = {
			isa = XCBuildConfiguration;
			buildSettings = {
				ALWAYS_SEARCH_USER_PATHS = NO;
				CLANG_ANALYZER_NONNULL = YES;
				CLANG_ANALYZER_NUMBER_OBJECT_CONVERSION = YES_AGGRESSIVE;
				CLANG_CXX_LANGUAGE_STANDARD = "gnu++14";
				CLANG_CXX_LIBRARY = "libc++";
				CLANG_ENABLE_MODULES = YES;
				CLANG_ENABLE_OBJC_ARC = YES;
				CLANG_ENABLE_OBJC_WEAK = YES;
				CLANG_WARN_BLOCK_CAPTURE_AUTORELEASING = YES;
				CLANG_WARN_BOOL_CONVERSION = YES;
				CLANG_WARN_COMMA = YES;
				CLANG_WARN_CONSTANT_CONVERSION = YES;
				CLANG_WARN_DEPRECATED_OBJC_IMPLEMENTATIONS = YES;
				CLANG_WARN_DIRECT_OBJC_ISA_USAGE = YES_ERROR;
				CLANG_WARN_DOCUMENTATION_COMMENTS = YES;
				CLANG_WARN_EMPTY_BODY = YES;
				CLANG_WARN_ENUM_CONVERSION = YES;
				CLANG_WARN_INFINITE_RECURSION = YES;
				CLANG_WARN_INT_CONVERSION = YES;
				CLANG_WARN_NON_LITERAL_NULL_CONVERSION = YES;
				CLANG_WARN_OBJC_IMPLICIT_RETAIN_SELF = YES;
				CLANG_WARN_OBJC_LITERAL_CONVERSION = YES;
				CLANG_WARN_OBJC_ROOT_CLASS = YES_ERROR;
				CLANG_WARN_RANGE_LOOP_ANALYSIS = YES;
				CLANG_WARN_STRICT_PROTOTYPES = YES;
				CLANG_WARN_SUSPICIOUS_MOVE = YES;
				CLANG_WARN_UNGUARDED_AVAILABILITY = YES_AGGRESSIVE;
				CLANG_WARN_UNREACHABLE_CODE = YES;
				CLANG_WARN__DUPLICATE_METHOD_MATCH = YES;
				COPY_PHASE_STRIP = NO;
				DEBUG_INFORMATION_FORMAT = "dwarf-with-dsym";
				ENABLE_NS_ASSERTIONS = NO;
				ENABLE_STRICT_OBJC_MSGSEND = YES;
				GCC_C_LANGUAGE_STANDARD = gnu11;
				GCC_NO_COMMON_BLOCKS = YES;
				GCC_WARN_64_TO_32_BIT_CONVERSION = YES;
				GCC_WARN_ABOUT_RETURN_TYPE = YES_ERROR;
				GCC_WARN_UNDECLARED_SELECTOR = YES;
				GCC_WARN_UNINITIALIZED_AUTOS = YES_AGGRESSIVE;
				GCC_WARN_UNUSED_FUNCTION = YES;
				GCC_WARN_UNUSED_VARIABLE = YES;
				IPHONEOS_DEPLOYMENT_TARGET = 13.2;
				MTL_ENABLE_DEBUG_INFO = NO;
				MTL_FAST_MATH = YES;
				SDKROOT = iphoneos;
				SWIFT_COMPILATION_MODE = wholemodule;
				SWIFT_OPTIMIZATION_LEVEL = "-O";
				VALIDATE_PRODUCT = YES;
			};
			name = Release;
		};
		1F94CA47238C37F300DF2192 /* Debug */ = {
			isa = XCBuildConfiguration;
			buildSettings = {
				ASSETCATALOG_COMPILER_APPICON_NAME = AppIcon;
				CODE_SIGN_STYLE = Automatic;
				INFOPLIST_FILE = 2MB/Info.plist;
				LD_RUNPATH_SEARCH_PATHS = (
					"$(inherited)",
					"@executable_path/Frameworks",
				);
				PRODUCT_BUNDLE_IDENTIFIER = "-MB.-MB";
				PRODUCT_NAME = "$(TARGET_NAME)";
				SWIFT_VERSION = 5.0;
				TARGETED_DEVICE_FAMILY = "1,2";
			};
			name = Debug;
		};
		1F94CA48238C37F300DF2192 /* Release */ = {
			isa = XCBuildConfiguration;
			buildSettings = {
				ASSETCATALOG_COMPILER_APPICON_NAME = AppIcon;
				CODE_SIGN_STYLE = Automatic;
				INFOPLIST_FILE = 2MB/Info.plist;
				LD_RUNPATH_SEARCH_PATHS = (
					"$(inherited)",
					"@executable_path/Frameworks",
				);
				PRODUCT_BUNDLE_IDENTIFIER = "-MB.-MB";
				PRODUCT_NAME = "$(TARGET_NAME)";
				SWIFT_VERSION = 5.0;
				TARGETED_DEVICE_FAMILY = "1,2";
			};
			name = Release;
		};
/* End XCBuildConfiguration section */

/* Begin XCConfigurationList section */
		1F94CA2D238C37EF00DF2192 /* Build configuration list for PBXProject "2MB" */ = {
			isa = XCConfigurationList;
			buildConfigurations = (
				1F94CA44238C37F300DF2192 /* Debug */,
				1F94CA45238C37F300DF2192 /* Release */,
			);
			defaultConfigurationIsVisible = 0;
			defaultConfigurationName = Release;
		};
		1F94CA46238C37F300DF2192 /* Build configuration list for PBXNativeTarget "2MB" */ = {
			isa = XCConfigurationList;
			buildConfigurations = (
				1F94CA47238C37F300DF2192 /* Debug */,
				1F94CA48238C37F300DF2192 /* Release */,
			);
			defaultConfigurationIsVisible = 0;
			defaultConfigurationName = Release;
		};
/* End XCConfigurationList section */
	};
	rootObject = 1F94CA2A238C37EF00DF2192 /* Project object */;
}
